// !$*UTF8*$!
{
	archiveVersion = 1;
	classes = {
	};
	objectVersion = 46;
	objects = {

/* Begin PBXBuildFile section */
		B0BF01921923E7CF001FC758 /* Foundation.framework in Frameworks */ = {isa = PBXBuildFile; fileRef = B0BF01911923E7CF001FC758 /* Foundation.framework */; };
		B0BF01941923E7CF001FC758 /* CoreGraphics.framework in Frameworks */ = {isa = PBXBuildFile; fileRef = B0BF01931923E7CF001FC758 /* CoreGraphics.framework */; };
		B0BF01961923E7CF001FC758 /* UIKit.framework in Frameworks */ = {isa = PBXBuildFile; fileRef = B0BF01951923E7CF001FC758 /* UIKit.framework */; };
		B0BF019C1923E7CF001FC758 /* InfoPlist.strings in Resources */ = {isa = PBXBuildFile; fileRef = B0BF019A1923E7CF001FC758 /* InfoPlist.strings */; };
		B0BF019E1923E7CF001FC758 /* main.m in Sources */ = {isa = PBXBuildFile; fileRef = B0BF019D1923E7CF001FC758 /* main.m */; };
		B0BF01A21923E7CF001FC758 /* BCBAppDelegate.m in Sources */ = {isa = PBXBuildFile; fileRef = B0BF01A11923E7CF001FC758 /* BCBAppDelegate.m */; };
		B0BF01A51923E7CF001FC758 /* Main.storyboard in Resources */ = {isa = PBXBuildFile; fileRef = B0BF01A31923E7CF001FC758 /* Main.storyboard */; };
		B0BF01A81923E7CF001FC758 /* BCBViewController.m in Sources */ = {isa = PBXBuildFile; fileRef = B0BF01A71923E7CF001FC758 /* BCBViewController.m */; };
		B0BF01AA1923E7CF001FC758 /* Images.xcassets in Resources */ = {isa = PBXBuildFile; fileRef = B0BF01A91923E7CF001FC758 /* Images.xcassets */; };
		B0BF01B11923E7CF001FC758 /* XCTest.framework in Frameworks */ = {isa = PBXBuildFile; fileRef = B0BF01B01923E7CF001FC758 /* XCTest.framework */; };
		B0BF01B21923E7CF001FC758 /* Foundation.framework in Frameworks */ = {isa = PBXBuildFile; fileRef = B0BF01911923E7CF001FC758 /* Foundation.framework */; };
		B0BF01B31923E7CF001FC758 /* UIKit.framework in Frameworks */ = {isa = PBXBuildFile; fileRef = B0BF01951923E7CF001FC758 /* UIKit.framework */; };
		B0BF01BB1923E7CF001FC758 /* InfoPlist.strings in Resources */ = {isa = PBXBuildFile; fileRef = B0BF01B91923E7CF001FC758 /* InfoPlist.strings */; };
		B0BF01BD1923E7CF001FC758 /* CellLayoutTests.m in Sources */ = {isa = PBXBuildFile; fileRef = B0BF01BC1923E7CF001FC758 /* CellLayoutTests.m */; };
		B0BF01C71923E97C001FC758 /* BCBTableViewCell.xib in Resources */ = {isa = PBXBuildFile; fileRef = B0BF01C61923E97C001FC758 /* BCBTableViewCell.xib */; };
		B0BF01CA1923E9F4001FC758 /* BCBTableViewCell.m in Sources */ = {isa = PBXBuildFile; fileRef = B0BF01C91923E9F4001FC758 /* BCBTableViewCell.m */; };
/* End PBXBuildFile section */

/* Begin PBXContainerItemProxy section */
		B0BF01B41923E7CF001FC758 /* PBXContainerItemProxy */ = {
			isa = PBXContainerItemProxy;
			containerPortal = B0BF01861923E7CF001FC758 /* Project object */;
			proxyType = 1;
			remoteGlobalIDString = B0BF018D1923E7CF001FC758;
			remoteInfo = CellLayout;
		};
/* End PBXContainerItemProxy section */

/* Begin PBXFileReference section */
		B0BF018E1923E7CF001FC758 /* CellLayout.app */ = {isa = PBXFileReference; explicitFileType = wrapper.application; includeInIndex = 0; path = CellLayout.app; sourceTree = BUILT_PRODUCTS_DIR; };
		B0BF01911923E7CF001FC758 /* Foundation.framework */ = {isa = PBXFileReference; lastKnownFileType = wrapper.framework; name = Foundation.framework; path = System/Library/Frameworks/Foundation.framework; sourceTree = SDKROOT; };
		B0BF01931923E7CF001FC758 /* CoreGraphics.framework */ = {isa = PBXFileReference; lastKnownFileType = wrapper.framework; name = CoreGraphics.framework; path = System/Library/Frameworks/CoreGraphics.framework; sourceTree = SDKROOT; };
		B0BF01951923E7CF001FC758 /* UIKit.framework */ = {isa = PBXFileReference; lastKnownFileType = wrapper.framework; name = UIKit.framework; path = System/Library/Frameworks/UIKit.framework; sourceTree = SDKROOT; };
		B0BF01991923E7CF001FC758 /* CellLayout-Info.plist */ = {isa = PBXFileReference; lastKnownFileType = text.plist.xml; path = "CellLayout-Info.plist"; sourceTree = "<group>"; };
		B0BF019B1923E7CF001FC758 /* en */ = {isa = PBXFileReference; lastKnownFileType = text.plist.strings; name = en; path = en.lproj/InfoPlist.strings; sourceTree = "<group>"; };
		B0BF019D1923E7CF001FC758 /* main.m */ = {isa = PBXFileReference; lastKnownFileType = sourcecode.c.objc; path = main.m; sourceTree = "<group>"; };
		B0BF019F1923E7CF001FC758 /* CellLayout-Prefix.pch */ = {isa = PBXFileReference; lastKnownFileType = sourcecode.c.h; path = "CellLayout-Prefix.pch"; sourceTree = "<group>"; };
		B0BF01A01923E7CF001FC758 /* BCBAppDelegate.h */ = {isa = PBXFileReference; lastKnownFileType = sourcecode.c.h; path = BCBAppDelegate.h; sourceTree = "<group>"; };
		B0BF01A11923E7CF001FC758 /* BCBAppDelegate.m */ = {isa = PBXFileReference; lastKnownFileType = sourcecode.c.objc; path = BCBAppDelegate.m; sourceTree = "<group>"; };
		B0BF01A41923E7CF001FC758 /* Base */ = {isa = PBXFileReference; lastKnownFileType = file.storyboard; name = Base; path = Base.lproj/Main.storyboard; sourceTree = "<group>"; };
		B0BF01A61923E7CF001FC758 /* BCBViewController.h */ = {isa = PBXFileReference; lastKnownFileType = sourcecode.c.h; path = BCBViewController.h; sourceTree = "<group>"; };
		B0BF01A71923E7CF001FC758 /* BCBViewController.m */ = {isa = PBXFileReference; lastKnownFileType = sourcecode.c.objc; path = BCBViewController.m; sourceTree = "<group>"; };
		B0BF01A91923E7CF001FC758 /* Images.xcassets */ = {isa = PBXFileReference; lastKnownFileType = folder.assetcatalog; path = Images.xcassets; sourceTree = "<group>"; };
		B0BF01AF1923E7CF001FC758 /* CellLayoutTests.xctest */ = {isa = PBXFileReference; explicitFileType = wrapper.cfbundle; includeInIndex = 0; path = CellLayoutTests.xctest; sourceTree = BUILT_PRODUCTS_DIR; };
		B0BF01B01923E7CF001FC758 /* XCTest.framework */ = {isa = PBXFileReference; lastKnownFileType = wrapper.framework; name = XCTest.framework; path = Library/Frameworks/XCTest.framework; sourceTree = DEVELOPER_DIR; };
		B0BF01B81923E7CF001FC758 /* CellLayoutTests-Info.plist */ = {isa = PBXFileReference; lastKnownFileType = text.plist.xml; path = "CellLayoutTests-Info.plist"; sourceTree = "<group>"; };
		B0BF01BA1923E7CF001FC758 /* en */ = {isa = PBXFileReference; lastKnownFileType = text.plist.strings; name = en; path = en.lproj/InfoPlist.strings; sourceTree = "<group>"; };
		B0BF01BC1923E7CF001FC758 /* CellLayoutTests.m */ = {isa = PBXFileReference; lastKnownFileType = sourcecode.c.objc; path = CellLayoutTests.m; sourceTree = "<group>"; };
		B0BF01C61923E97C001FC758 /* BCBTableViewCell.xib */ = {isa = PBXFileReference; fileEncoding = 4; lastKnownFileType = file.xib; path = BCBTableViewCell.xib; sourceTree = "<group>"; };
		B0BF01C81923E9F4001FC758 /* BCBTableViewCell.h */ = {isa = PBXFileReference; fileEncoding = 4; lastKnownFileType = sourcecode.c.h; path = BCBTableViewCell.h; sourceTree = "<group>"; };
		B0BF01C91923E9F4001FC758 /* BCBTableViewCell.m */ = {isa = PBXFileReference; fileEncoding = 4; lastKnownFileType = sourcecode.c.objc; path = BCBTableViewCell.m; sourceTree = "<group>"; };
/* End PBXFileReference section */

/* Begin PBXFrameworksBuildPhase section */
		B0BF018B1923E7CF001FC758 /* Frameworks */ = {
			isa = PBXFrameworksBuildPhase;
			buildActionMask = 2147483647;
			files = (
				B0BF01941923E7CF001FC758 /* CoreGraphics.framework in Frameworks */,
				B0BF01961923E7CF001FC758 /* UIKit.framework in Frameworks */,
				B0BF01921923E7CF001FC758 /* Foundation.framework in Frameworks */,
			);
			runOnlyForDeploymentPostprocessing = 0;
		};
		B0BF01AC1923E7CF001FC758 /* Frameworks */ = {
			isa = PBXFrameworksBuildPhase;
			buildActionMask = 2147483647;
			files = (
				B0BF01B11923E7CF001FC758 /* XCTest.framework in Frameworks */,
				B0BF01B31923E7CF001FC758 /* UIKit.framework in Frameworks */,
				B0BF01B21923E7CF001FC758 /* Foundation.framework in Frameworks */,
			);
			runOnlyForDeploymentPostprocessing = 0;
		};
/* End PBXFrameworksBuildPhase section */

/* Begin PBXGroup section */
		B0BF01851923E7CF001FC758 = {
			isa = PBXGroup;
			children = (
				B0BF01971923E7CF001FC758 /* CellLayout */,
				B0BF01B61923E7CF001FC758 /* CellLayoutTests */,
				B0BF01901923E7CF001FC758 /* Frameworks */,
				B0BF018F1923E7CF001FC758 /* Products */,
			);
			sourceTree = "<group>";
		};
		B0BF018F1923E7CF001FC758 /* Products */ = {
			isa = PBXGroup;
			children = (
				B0BF018E1923E7CF001FC758 /* CellLayout.app */,
				B0BF01AF1923E7CF001FC758 /* CellLayoutTests.xctest */,
			);
			name = Products;
			sourceTree = "<group>";
		};
		B0BF01901923E7CF001FC758 /* Frameworks */ = {
			isa = PBXGroup;
			children = (
				B0BF01911923E7CF001FC758 /* Foundation.framework */,
				B0BF01931923E7CF001FC758 /* CoreGraphics.framework */,
				B0BF01951923E7CF001FC758 /* UIKit.framework */,
				B0BF01B01923E7CF001FC758 /* XCTest.framework */,
			);
			name = Frameworks;
			sourceTree = "<group>";
		};
		B0BF01971923E7CF001FC758 /* CellLayout */ = {
			isa = PBXGroup;
			children = (
				B0BF01A01923E7CF001FC758 /* BCBAppDelegate.h */,
				B0BF01A11923E7CF001FC758 /* BCBAppDelegate.m */,
				B0BF01A31923E7CF001FC758 /* Main.storyboard */,
				B0BF01A61923E7CF001FC758 /* BCBViewController.h */,
				B0BF01A71923E7CF001FC758 /* BCBViewController.m */,
				B0BF01C81923E9F4001FC758 /* BCBTableViewCell.h */,
				B0BF01C91923E9F4001FC758 /* BCBTableViewCell.m */,
				B0BF01C61923E97C001FC758 /* BCBTableViewCell.xib */,
				B0BF01A91923E7CF001FC758 /* Images.xcassets */,
				B0BF01981923E7CF001FC758 /* Supporting Files */,
			);
			path = CellLayout;
			sourceTree = "<group>";
		};
		B0BF01981923E7CF001FC758 /* Supporting Files */ = {
			isa = PBXGroup;
			children = (
				B0BF01991923E7CF001FC758 /* CellLayout-Info.plist */,
				B0BF019A1923E7CF001FC758 /* InfoPlist.strings */,
				B0BF019D1923E7CF001FC758 /* main.m */,
				B0BF019F1923E7CF001FC758 /* CellLayout-Prefix.pch */,
			);
			name = "Supporting Files";
			sourceTree = "<group>";
		};
		B0BF01B61923E7CF001FC758 /* CellLayoutTests */ = {
			isa = PBXGroup;
			children = (
				B0BF01BC1923E7CF001FC758 /* CellLayoutTests.m */,
				B0BF01B71923E7CF001FC758 /* Supporting Files */,
			);
			path = CellLayoutTests;
			sourceTree = "<group>";
		};
		B0BF01B71923E7CF001FC758 /* Supporting Files */ = {
			isa = PBXGroup;
			children = (
				B0BF01B81923E7CF001FC758 /* CellLayoutTests-Info.plist */,
				B0BF01B91923E7CF001FC758 /* InfoPlist.strings */,
			);
			name = "Supporting Files";
			sourceTree = "<group>";
		};
/* End PBXGroup section */

/* Begin PBXNativeTarget section */
		B0BF018D1923E7CF001FC758 /* CellLayout */ = {
			isa = PBXNativeTarget;
			buildConfigurationList = B0BF01C01923E7CF001FC758 /* Build configuration list for PBXNativeTarget "CellLayout" */;
			buildPhases = (
				B0BF018A1923E7CF001FC758 /* Sources */,
				B0BF018B1923E7CF001FC758 /* Frameworks */,
				B0BF018C1923E7CF001FC758 /* Resources */,
			);
			buildRules = (
			);
			dependencies = (
			);
			name = CellLayout;
			productName = CellLayout;
			productReference = B0BF018E1923E7CF001FC758 /* CellLayout.app */;
			productType = "com.apple.product-type.application";
		};
		B0BF01AE1923E7CF001FC758 /* CellLayoutTests */ = {
			isa = PBXNativeTarget;
			buildConfigurationList = B0BF01C31923E7CF001FC758 /* Build configuration list for PBXNativeTarget "CellLayoutTests" */;
			buildPhases = (
				B0BF01AB1923E7CF001FC758 /* Sources */,
				B0BF01AC1923E7CF001FC758 /* Frameworks */,
				B0BF01AD1923E7CF001FC758 /* Resources */,
			);
			buildRules = (
			);
			dependencies = (
				B0BF01B51923E7CF001FC758 /* PBXTargetDependency */,
			);
			name = CellLayoutTests;
			productName = CellLayoutTests;
			productReference = B0BF01AF1923E7CF001FC758 /* CellLayoutTests.xctest */;
			productType = "com.apple.product-type.bundle.unit-test";
		};
/* End PBXNativeTarget section */

/* Begin PBXProject section */
		B0BF01861923E7CF001FC758 /* Project object */ = {
			isa = PBXProject;
			attributes = {
				CLASSPREFIX = BCB;
				LastUpgradeCheck = 0510;
				ORGANIZATIONNAME = "Blue Crowbar";
				TargetAttributes = {
					B0BF01AE1923E7CF001FC758 = {
						TestTargetID = B0BF018D1923E7CF001FC758;
					};
				};
			};
			buildConfigurationList = B0BF01891923E7CF001FC758 /* Build configuration list for PBXProject "CellLayout" */;
			compatibilityVersion = "Xcode 3.2";
			developmentRegion = English;
			hasScannedForEncodings = 0;
			knownRegions = (
				en,
				Base,
			);
			mainGroup = B0BF01851923E7CF001FC758;
			productRefGroup = B0BF018F1923E7CF001FC758 /* Products */;
			projectDirPath = "";
			projectRoot = "";
			targets = (
				B0BF018D1923E7CF001FC758 /* CellLayout */,
				B0BF01AE1923E7CF001FC758 /* CellLayoutTests */,
			);
		};
/* End PBXProject section */

/* Begin PBXResourcesBuildPhase section */
		B0BF018C1923E7CF001FC758 /* Resources */ = {
			isa = PBXResourcesBuildPhase;
			buildActionMask = 2147483647;
			files = (
				B0BF01AA1923E7CF001FC758 /* Images.xcassets in Resources */,
				B0BF019C1923E7CF001FC758 /* InfoPlist.strings in Resources */,
				B0BF01A51923E7CF001FC758 /* Main.storyboard in Resources */,
				B0BF01C71923E97C001FC758 /* BCBTableViewCell.xib in Resources */,
			);
			runOnlyForDeploymentPostprocessing = 0;
		};
		B0BF01AD1923E7CF001FC758 /* Resources */ = {
			isa = PBXResourcesBuildPhase;
			buildActionMask = 2147483647;
			files = (
				B0BF01BB1923E7CF001FC758 /* InfoPlist.strings in Resources */,
			);
			runOnlyForDeploymentPostprocessing = 0;
		};
/* End PBXResourcesBuildPhase section */

/* Begin PBXSourcesBuildPhase section */
		B0BF018A1923E7CF001FC758 /* Sources */ = {
			isa = PBXSourcesBuildPhase;
			buildActionMask = 2147483647;
			files = (
				B0BF01A81923E7CF001FC758 /* BCBViewController.m in Sources */,
				B0BF01A21923E7CF001FC758 /* BCBAppDelegate.m in Sources */,
				B0BF019E1923E7CF001FC758 /* main.m in Sources */,
				B0BF01CA1923E9F4001FC758 /* BCBTableViewCell.m in Sources */,
			);
			runOnlyForDeploymentPostprocessing = 0;
		};
		B0BF01AB1923E7CF001FC758 /* Sources */ = {
			isa = PBXSourcesBuildPhase;
			buildActionMask = 2147483647;
			files = (
				B0BF01BD1923E7CF001FC758 /* CellLayoutTests.m in Sources */,
			);
			runOnlyForDeploymentPostprocessing = 0;
		};
/* End PBXSourcesBuildPhase section */

/* Begin PBXTargetDependency section */
		B0BF01B51923E7CF001FC758 /* PBXTargetDependency */ = {
			isa = PBXTargetDependency;
			target = B0BF018D1923E7CF001FC758 /* CellLayout */;
			targetProxy = B0BF01B41923E7CF001FC758 /* PBXContainerItemProxy */;
		};
/* End PBXTargetDependency section */

/* Begin PBXVariantGroup section */
		B0BF019A1923E7CF001FC758 /* InfoPlist.strings */ = {
			isa = PBXVariantGroup;
			children = (
				B0BF019B1923E7CF001FC758 /* en */,
			);
			name = InfoPlist.strings;
			sourceTree = "<group>";
		};
		B0BF01A31923E7CF001FC758 /* Main.storyboard */ = {
			isa = PBXVariantGroup;
			children = (
				B0BF01A41923E7CF001FC758 /* Base */,
			);
			name = Main.storyboard;
			sourceTree = "<group>";
		};
		B0BF01B91923E7CF001FC758 /* InfoPlist.strings */ = {
			isa = PBXVariantGroup;
			children = (
				B0BF01BA1923E7CF001FC758 /* en */,
			);
			name = InfoPlist.strings;
			sourceTree = "<group>";
		};
/* End PBXVariantGroup section */

/* Begin XCBuildConfiguration section */
		B0BF01BE1923E7CF001FC758 /* Debug */ = {
			isa = XCBuildConfiguration;
			buildSettings = {
				ALWAYS_SEARCH_USER_PATHS = NO;
				CLANG_CXX_LANGUAGE_STANDARD = "gnu++0x";
				CLANG_CXX_LIBRARY = "libc++";
				CLANG_ENABLE_MODULES = YES;
				CLANG_ENABLE_OBJC_ARC = YES;
				CLANG_WARN_BOOL_CONVERSION = YES;
				CLANG_WARN_CONSTANT_CONVERSION = YES;
				CLANG_WARN_DIRECT_OBJC_ISA_USAGE = YES_ERROR;
				CLANG_WARN_EMPTY_BODY = YES;
				CLANG_WARN_ENUM_CONVERSION = YES;
				CLANG_WARN_INT_CONVERSION = YES;
				CLANG_WARN_OBJC_ROOT_CLASS = YES_ERROR;
				CLANG_WARN__DUPLICATE_METHOD_MATCH = YES;
				"CODE_SIGN_IDENTITY[sdk=iphoneos*]" = "iPhone Developer";
				COPY_PHASE_STRIP = NO;
				GCC_C_LANGUAGE_STANDARD = gnu99;
				GCC_DYNAMIC_NO_PIC = NO;
				GCC_OPTIMIZATION_LEVEL = 0;
				GCC_PREPROCESSOR_DEFINITIONS = (
					"DEBUG=1",
					"$(inherited)",
				);
				GCC_SYMBOLS_PRIVATE_EXTERN = NO;
				GCC_WARN_64_TO_32_BIT_CONVERSION = YES;
				GCC_WARN_ABOUT_RETURN_TYPE = YES_ERROR;
				GCC_WARN_UNDECLARED_SELECTOR = YES;
				GCC_WARN_UNINITIALIZED_AUTOS = YES_AGGRESSIVE;
				GCC_WARN_UNUSED_FUNCTION = YES;
				GCC_WARN_UNUSED_VARIABLE = YES;
				IPHONEOS_DEPLOYMENT_TARGET = 7.1;
				ONLY_ACTIVE_ARCH = YES;
				SDKROOT = iphoneos;
			};
			name = Debug;
		};
		B0BF01BF1923E7CF001FC758 /* Release */ = {
			isa = XCBuildConfiguration;
			buildSettings = {
				ALWAYS_SEARCH_USER_PATHS = NO;
				CLANG_CXX_LANGUAGE_STANDARD = "gnu++0x";
				CLANG_CXX_LIBRARY = "libc++";
				CLANG_ENABLE_MODULES = YES;
				CLANG_ENABLE_OBJC_ARC = YES;
				CLANG_WARN_BOOL_CONVERSION = YES;
				CLANG_WARN_CONSTANT_CONVERSION = YES;
				CLANG_WARN_DIRECT_OBJC_ISA_USAGE = YES_ERROR;
				CLANG_WARN_EMPTY_BODY = YES;
				CLANG_WARN_ENUM_CONVERSION = YES;
				CLANG_WARN_INT_CONVERSION = YES;
				CLANG_WARN_OBJC_ROOT_CLASS = YES_ERROR;
				CLANG_WARN__DUPLICATE_METHOD_MATCH = YES;
				"CODE_SIGN_IDENTITY[sdk=iphoneos*]" = "iPhone Developer";
				COPY_PHASE_STRIP = YES;
				ENABLE_NS_ASSERTIONS = NO;
				GCC_C_LANGUAGE_STANDARD = gnu99;
				GCC_WARN_64_TO_32_BIT_CONVERSION = YES;
				GCC_WARN_ABOUT_RETURN_TYPE = YES_ERROR;
				GCC_WARN_UNDECLARED_SELECTOR = YES;
				GCC_WARN_UNINITIALIZED_AUTOS = YES_AGGRESSIVE;
				GCC_WARN_UNUSED_FUNCTION = YES;
				GCC_WARN_UNUSED_VARIABLE = YES;
				IPHONEOS_DEPLOYMENT_TARGET = 7.1;
				SDKROOT = iphoneos;
				VALIDATE_PRODUCT = YES;
			};
			name = Release;
		};
		B0BF01C11923E7CF001FC758 /* Debug */ = {
			isa = XCBuildConfiguration;
			buildSettings = {
				ASSETCATALOG_COMPILER_APPICON_NAME = AppIcon;
				ASSETCATALOG_COMPILER_LAUNCHIMAGE_NAME = LaunchImage;
				GCC_PRECOMPILE_PREFIX_HEADER = YES;
				GCC_PREFIX_HEADER = "CellLayout/CellLayout-Prefix.pch";
				INFOPLIST_FILE = "CellLayout/CellLayout-Info.plist";
				PRODUCT_NAME = "$(TARGET_NAME)";
				WRAPPER_EXTENSION = app;
			};
			name = Debug;
		};
		B0BF01C21923E7CF001FC758 /* Release */ = {
			isa = XCBuildConfiguration;
			buildSettings = {
				ASSETCATALOG_COMPILER_APPICON_NAME = AppIcon;
				ASSETCATALOG_COMPILER_LAUNCHIMAGE_NAME = LaunchImage;
				GCC_PRECOMPILE_PREFIX_HEADER = YES;
				GCC_PREFIX_HEADER = "CellLayout/CellLayout-Prefix.pch";
				INFOPLIST_FILE = "CellLayout/CellLayout-Info.plist";
				PRODUCT_NAME = "$(TARGET_NAME)";
				WRAPPER_EXTENSION = app;
			};
			name = Release;
		};
		B0BF01C41923E7CF001FC758 /* Debug */ = {
			isa = XCBuildConfiguration;
			buildSettings = {
				BUNDLE_LOADER = "$(BUILT_PRODUCTS_DIR)/CellLayout.app/CellLayout";
				FRAMEWORK_SEARCH_PATHS = (
					"$(SDKROOT)/Developer/Library/Frameworks",
					"$(inherited)",
					"$(DEVELOPER_FRAMEWORKS_DIR)",
				);
				GCC_PRECOMPILE_PREFIX_HEADER = YES;
				GCC_PREFIX_HEADER = "CellLayout/CellLayout-Prefix.pch";
				GCC_PREPROCESSOR_DEFINITIONS = (
					"DEBUG=1",
					"$(inherited)",
				);
				INFOPLIST_FILE = "CellLayoutTests/CellLayoutTests-Info.plist";
				PRODUCT_NAME = "$(TARGET_NAME)";
				TEST_HOST = "$(BUNDLE_LOADER)";
				WRAPPER_EXTENSION = xctest;
			};
			name = Debug;
		};
		B0BF01C51923E7CF001FC758 /* Release */ = {
			isa = XCBuildConfiguration;
			buildSettings = {
				BUNDLE_LOADER = "$(BUILT_PRODUCTS_DIR)/CellLayout.app/CellLayout";
				FRAMEWORK_SEARCH_PATHS = (
					"$(SDKROOT)/Developer/Library/Frameworks",
					"$(inherited)",
					"$(DEVELOPER_FRAMEWORKS_DIR)",
				);
				GCC_PRECOMPILE_PREFIX_HEADER = YES;
				GCC_PREFIX_HEADER = "CellLayout/CellLayout-Prefix.pch";
				INFOPLIST_FILE = "CellLayoutTests/CellLayoutTests-Info.plist";
				PRODUCT_NAME = "$(TARGET_NAME)";
				TEST_HOST = "$(BUNDLE_LOADER)";
				WRAPPER_EXTENSION = xctest;
			};
			name = Release;
		};
/* End XCBuildConfiguration section */

/* Begin XCConfigurationList section */
		B0BF01891923E7CF001FC758 /* Build configuration list for PBXProject "CellLayout" */ = {
			isa = XCConfigurationList;
			buildConfigurations = (
				B0BF01BE1923E7CF001FC758 /* Debug */,
				B0BF01BF1923E7CF001FC758 /* Release */,
			);
			defaultConfigurationIsVisible = 0;
			defaultConfigurationName = Release;
		};
		B0BF01C01923E7CF001FC758 /* Build configuration list for PBXNativeTarget "CellLayout" */ = {
			isa = XCConfigurationList;
			buildConfigurations = (
				B0BF01C11923E7CF001FC758 /* Debug */,
				B0BF01C21923E7CF001FC758 /* Release */,
			);
			defaultConfigurationIsVisible = 0;
		};
		B0BF01C31923E7CF001FC758 /* Build configuration list for PBXNativeTarget "CellLayoutTests" */ = {
			isa = XCConfigurationList;
			buildConfigurations = (
				B0BF01C41923E7CF001FC758 /* Debug */,
				B0BF01C51923E7CF001FC758 /* Release */,
			);
			defaultConfigurationIsVisible = 0;
		};
/* End XCConfigurationList section */
	};
	rootObject = B0BF01861923E7CF001FC758 /* Project object */;
}
